// !$*UTF8*$!
{
	archiveVersion = 1;
	classes = {
	};
	objectVersion = 50;
	objects = {

/* Begin PBXBuildFile section */
		C8FCB5D624CE08940096DD80 /* AppDelegate.swift in Sources */ = {isa = PBXBuildFile; fileRef = C8FCB5D524CE08940096DD80 /* AppDelegate.swift */; };
		C8FCB5D824CE08940096DD80 /* SceneDelegate.swift in Sources */ = {isa = PBXBuildFile; fileRef = C8FCB5D724CE08940096DD80 /* SceneDelegate.swift */; };
		C8FCB5DA24CE08940096DD80 /* WeatherViewController.swift in Sources */ = {isa = PBXBuildFile; fileRef = C8FCB5D924CE08940096DD80 /* WeatherViewController.swift */; };
		C8FCB5DD24CE08940096DD80 /* Main.storyboard in Resources */ = {isa = PBXBuildFile; fileRef = C8FCB5DB24CE08940096DD80 /* Main.storyboard */; };
		C8FCB5DF24CE08950096DD80 /* Assets.xcassets in Resources */ = {isa = PBXBuildFile; fileRef = C8FCB5DE24CE08950096DD80 /* Assets.xcassets */; };
		C8FCB5E224CE08950096DD80 /* LaunchScreen.storyboard in Resources */ = {isa = PBXBuildFile; fileRef = C8FCB5E024CE08950096DD80 /* LaunchScreen.storyboard */; };
		C8FCB5F224CE292E0096DD80 /* WeatherManager.swift in Sources */ = {isa = PBXBuildFile; fileRef = C8FCB5F124CE292E0096DD80 /* WeatherManager.swift */; };
		C8FCB5F424CE46F50096DD80 /* WeatherData.swift in Sources */ = {isa = PBXBuildFile; fileRef = C8FCB5F324CE46F50096DD80 /* WeatherData.swift */; };
		C8FCB5F624CE4B340096DD80 /* WeatherModel.swift in Sources */ = {isa = PBXBuildFile; fileRef = C8FCB5F524CE4B340096DD80 /* WeatherModel.swift */; };
/* End PBXBuildFile section */

/* Begin PBXFileReference section */
		C8FCB5D224CE08940096DD80 /* myWeather.app */ = {isa = PBXFileReference; explicitFileType = wrapper.application; includeInIndex = 0; path = myWeather.app; sourceTree = BUILT_PRODUCTS_DIR; };
		C8FCB5D524CE08940096DD80 /* AppDelegate.swift */ = {isa = PBXFileReference; lastKnownFileType = sourcecode.swift; path = AppDelegate.swift; sourceTree = "<group>"; };
		C8FCB5D724CE08940096DD80 /* SceneDelegate.swift */ = {isa = PBXFileReference; lastKnownFileType = sourcecode.swift; path = SceneDelegate.swift; sourceTree = "<group>"; };
		C8FCB5D924CE08940096DD80 /* WeatherViewController.swift */ = {isa = PBXFileReference; lastKnownFileType = sourcecode.swift; path = WeatherViewController.swift; sourceTree = "<group>"; };
		C8FCB5DC24CE08940096DD80 /* Base */ = {isa = PBXFileReference; lastKnownFileType = file.storyboard; name = Base; path = Base.lproj/Main.storyboard; sourceTree = "<group>"; };
		C8FCB5DE24CE08950096DD80 /* Assets.xcassets */ = {isa = PBXFileReference; lastKnownFileType = folder.assetcatalog; path = Assets.xcassets; sourceTree = "<group>"; };
		C8FCB5E124CE08950096DD80 /* Base */ = {isa = PBXFileReference; lastKnownFileType = file.storyboard; name = Base; path = Base.lproj/LaunchScreen.storyboard; sourceTree = "<group>"; };
		C8FCB5E324CE08950096DD80 /* Info.plist */ = {isa = PBXFileReference; lastKnownFileType = text.plist.xml; path = Info.plist; sourceTree = "<group>"; };
		C8FCB5F124CE292E0096DD80 /* WeatherManager.swift */ = {isa = PBXFileReference; lastKnownFileType = sourcecode.swift; path = WeatherManager.swift; sourceTree = "<group>"; };
		C8FCB5F324CE46F50096DD80 /* WeatherData.swift */ = {isa = PBXFileReference; lastKnownFileType = sourcecode.swift; path = WeatherData.swift; sourceTree = "<group>"; };
		C8FCB5F524CE4B340096DD80 /* WeatherModel.swift */ = {isa = PBXFileReference; lastKnownFileType = sourcecode.swift; path = WeatherModel.swift; sourceTree = "<group>"; };
/* End PBXFileReference section */

/* Begin PBXFrameworksBuildPhase section */
		C8FCB5CF24CE08940096DD80 /* Frameworks */ = {
			isa = PBXFrameworksBuildPhase;
			buildActionMask = 2147483647;
			files = (
			);
			runOnlyForDeploymentPostprocessing = 0;
		};
/* End PBXFrameworksBuildPhase section */

/* Begin PBXGroup section */
		C8FCB5C924CE08940096DD80 = {
			isa = PBXGroup;
			children = (
				C8FCB5D424CE08940096DD80 /* myWeather */,
				C8FCB5D324CE08940096DD80 /* Products */,
			);
			sourceTree = "<group>";
		};
		C8FCB5D324CE08940096DD80 /* Products */ = {
			isa = PBXGroup;
			children = (
				C8FCB5D224CE08940096DD80 /* myWeather.app */,
			);
			name = Products;
			sourceTree = "<group>";
		};
		C8FCB5D424CE08940096DD80 /* myWeather */ = {
			isa = PBXGroup;
			children = (
				C8FCB5ED24CE08A60096DD80 /* Support Files */,
				C8FCB5F024CE08C90096DD80 /* Models */,
				C8FCB5EE24CE08B80096DD80 /* Controllers */,
				C8FCB5EF24CE08BD0096DD80 /* Views */,
				C8FCB5DE24CE08950096DD80 /* Assets.xcassets */,
				C8FCB5E024CE08950096DD80 /* LaunchScreen.storyboard */,
				C8FCB5E324CE08950096DD80 /* Info.plist */,
			);
			path = myWeather;
			sourceTree = "<group>";
		};
		C8FCB5ED24CE08A60096DD80 /* Support Files */ = {
			isa = PBXGroup;
			children = (
				C8FCB5D524CE08940096DD80 /* AppDelegate.swift */,
				C8FCB5D724CE08940096DD80 /* SceneDelegate.swift */,
			);
			path = "Support Files";
			sourceTree = "<group>";
		};
		C8FCB5EE24CE08B80096DD80 /* Controllers */ = {
			isa = PBXGroup;
			children = (
				C8FCB5D924CE08940096DD80 /* WeatherViewController.swift */,
			);
			path = Controllers;
			sourceTree = "<group>";
		};
		C8FCB5EF24CE08BD0096DD80 /* Views */ = {
			isa = PBXGroup;
			children = (
				C8FCB5DB24CE08940096DD80 /* Main.storyboard */,
			);
			path = Views;
			sourceTree = "<group>";
		};
		C8FCB5F024CE08C90096DD80 /* Models */ = {
			isa = PBXGroup;
			children = (
				C8FCB5F124CE292E0096DD80 /* WeatherManager.swift */,
				C8FCB5F324CE46F50096DD80 /* WeatherData.swift */,
				C8FCB5F524CE4B340096DD80 /* WeatherModel.swift */,
			);
			path = Models;
			sourceTree = "<group>";
		};
/* End PBXGroup section */

/* Begin PBXNativeTarget section */
		C8FCB5D124CE08940096DD80 /* myWeather */ = {
			isa = PBXNativeTarget;
			buildConfigurationList = C8FCB5E624CE08950096DD80 /* Build configuration list for PBXNativeTarget "myWeather" */;
			buildPhases = (
				C8FCB5CE24CE08940096DD80 /* Sources */,
				C8FCB5CF24CE08940096DD80 /* Frameworks */,
				C8FCB5D024CE08940096DD80 /* Resources */,
			);
			buildRules = (
			);
			dependencies = (
			);
			name = myWeather;
			productName = myWeather;
			productReference = C8FCB5D224CE08940096DD80 /* myWeather.app */;
			productType = "com.apple.product-type.application";
		};
/* End PBXNativeTarget section */

/* Begin PBXProject section */
		C8FCB5CA24CE08940096DD80 /* Project object */ = {
			isa = PBXProject;
			attributes = {
				LastSwiftUpdateCheck = 1160;
				LastUpgradeCheck = 1160;
				ORGANIZATIONNAME = "Juan Manuel Tome";
				TargetAttributes = {
					C8FCB5D124CE08940096DD80 = {
						CreatedOnToolsVersion = 11.6;
					};
				};
			};
			buildConfigurationList = C8FCB5CD24CE08940096DD80 /* Build configuration list for PBXProject "myWeather" */;
			compatibilityVersion = "Xcode 9.3";
			developmentRegion = en;
			hasScannedForEncodings = 0;
			knownRegions = (
				en,
				Base,
			);
			mainGroup = C8FCB5C924CE08940096DD80;
			productRefGroup = C8FCB5D324CE08940096DD80 /* Products */;
			projectDirPath = "";
			projectRoot = "";
			targets = (
				C8FCB5D124CE08940096DD80 /* myWeather */,
			);
		};
/* End PBXProject section */

/* Begin PBXResourcesBuildPhase section */
		C8FCB5D024CE08940096DD80 /* Resources */ = {
			isa = PBXResourcesBuildPhase;
			buildActionMask = 2147483647;
			files = (
				C8FCB5E224CE08950096DD80 /* LaunchScreen.storyboard in Resources */,
				C8FCB5DF24CE08950096DD80 /* Assets.xcassets in Resources */,
				C8FCB5DD24CE08940096DD80 /* Main.storyboard in Resources */,
			);
			runOnlyForDeploymentPostprocessing = 0;
		};
/* End PBXResourcesBuildPhase section */

/* Begin PBXSourcesBuildPhase section */
		C8FCB5CE24CE08940096DD80 /* Sources */ = {
			isa = PBXSourcesBuildPhase;
			buildActionMask = 2147483647;
			files = (
				C8FCB5DA24CE08940096DD80 /* WeatherViewController.swift in Sources */,
				C8FCB5F424CE46F50096DD80 /* WeatherData.swift in Sources */,
				C8FCB5D624CE08940096DD80 /* AppDelegate.swift in Sources */,
				C8FCB5F224CE292E0096DD80 /* WeatherManager.swift in Sources */,
				C8FCB5F624CE4B340096DD80 /* WeatherModel.swift in Sources */,
				C8FCB5D824CE08940096DD80 /* SceneDelegate.swift in Sources */,
			);
			runOnlyForDeploymentPostprocessing = 0;
		};
/* End PBXSourcesBuildPhase section */

/* Begin PBXVariantGroup section */
		C8FCB5DB24CE08940096DD80 /* Main.storyboard */ = {
			isa = PBXVariantGroup;
			children = (
				C8FCB5DC24CE08940096DD80 /* Base */,
			);
			name = Main.storyboard;
			sourceTree = "<group>";
		};
		C8FCB5E024CE08950096DD80 /* LaunchScreen.storyboard */ = {
			isa = PBXVariantGroup;
			children = (
				C8FCB5E124CE08950096DD80 /* Base */,
			);
			name = LaunchScreen.storyboard;
			sourceTree = "<group>";
		};
/* End PBXVariantGroup section */

/* Begin XCBuildConfiguration section */
		C8FCB5E424CE08950096DD80 /* Debug */ = {
			isa = XCBuildConfiguration;
			buildSettings = {
				ALWAYS_SEARCH_USER_PATHS = NO;
				CLANG_ANALYZER_NONNULL = YES;
				CLANG_ANALYZER_NUMBER_OBJECT_CONVERSION = YES_AGGRESSIVE;
				CLANG_CXX_LANGUAGE_STANDARD = "gnu++14";
				CLANG_CXX_LIBRARY = "libc++";
				CLANG_ENABLE_MODULES = YES;
				CLANG_ENABLE_OBJC_ARC = YES;
				CLANG_ENABLE_OBJC_WEAK = YES;
				CLANG_WARN_BLOCK_CAPTURE_AUTORELEASING = YES;
				CLANG_WARN_BOOL_CONVERSION = YES;
				CLANG_WARN_COMMA = YES;
				CLANG_WARN_CONSTANT_CONVERSION = YES;
				CLANG_WARN_DEPRECATED_OBJC_IMPLEMENTATIONS = YES;
				CLANG_WARN_DIRECT_OBJC_ISA_USAGE = YES_ERROR;
				CLANG_WARN_DOCUMENTATION_COMMENTS = YES;
				CLANG_WARN_EMPTY_BODY = YES;
				CLANG_WARN_ENUM_CONVERSION = YES;
				CLANG_WARN_INFINITE_RECURSION = YES;
				CLANG_WARN_INT_CONVERSION = YES;
				CLANG_WARN_NON_LITERAL_NULL_CONVERSION = YES;
				CLANG_WARN_OBJC_IMPLICIT_RETAIN_SELF = YES;
				CLANG_WARN_OBJC_LITERAL_CONVERSION = YES;
				CLANG_WARN_OBJC_ROOT_CLASS = YES_ERROR;
				CLANG_WARN_RANGE_LOOP_ANALYSIS = YES;
				CLANG_WARN_STRICT_PROTOTYPES = YES;
				CLANG_WARN_SUSPICIOUS_MOVE = YES;
				CLANG_WARN_UNGUARDED_AVAILABILITY = YES_AGGRESSIVE;
				CLANG_WARN_UNREACHABLE_CODE = YES;
				CLANG_WARN__DUPLICATE_METHOD_MATCH = YES;
				COPY_PHASE_STRIP = NO;
				DEBUG_INFORMATION_FORMAT = dwarf;
				ENABLE_STRICT_OBJC_MSGSEND = YES;
				ENABLE_TESTABILITY = YES;
				GCC_C_LANGUAGE_STANDARD = gnu11;
				GCC_DYNAMIC_NO_PIC = NO;
				GCC_NO_COMMON_BLOCKS = YES;
				GCC_OPTIMIZATION_LEVEL = 0;
				GCC_PREPROCESSOR_DEFINITIONS = (
					"DEBUG=1",
					"$(inherited)",
				);
				GCC_WARN_64_TO_32_BIT_CONVERSION = YES;
				GCC_WARN_ABOUT_RETURN_TYPE = YES_ERROR;
				GCC_WARN_UNDECLARED_SELECTOR = YES;
				GCC_WARN_UNINITIALIZED_AUTOS = YES_AGGRESSIVE;
				GCC_WARN_UNUSED_FUNCTION = YES;
				GCC_WARN_UNUSED_VARIABLE = YES;
				IPHONEOS_DEPLOYMENT_TARGET = 13.6;
				MTL_ENABLE_DEBUG_INFO = INCLUDE_SOURCE;
				MTL_FAST_MATH = YES;
				ONLY_ACTIVE_ARCH = YES;
				SDKROOT = iphoneos;
				SWIFT_ACTIVE_COMPILATION_CONDITIONS = DEBUG;
				SWIFT_OPTIMIZATION_LEVEL = "-Onone";
			};
			name = Debug;
		};
		C8FCB5E524CE08950096DD80 /* Release */ = {
			isa = XCBuildConfiguration;
			buildSettings = {
				ALWAYS_SEARCH_USER_PATHS = NO;
				CLANG_ANALYZER_NONNULL = YES;
				CLANG_ANALYZER_NUMBER_OBJECT_CONVERSION = YES_AGGRESSIVE;
				CLANG_CXX_LANGUAGE_STANDARD = "gnu++14";
				CLANG_CXX_LIBRARY = "libc++";
				CLANG_ENABLE_MODULES = YES;
				CLANG_ENABLE_OBJC_ARC = YES;
				CLANG_ENABLE_OBJC_WEAK = YES;
				CLANG_WARN_BLOCK_CAPTURE_AUTORELEASING = YES;
				CLANG_WARN_BOOL_CONVERSION = YES;
				CLANG_WARN_COMMA = YES;
				CLANG_WARN_CONSTANT_CONVERSION = YES;
				CLANG_WARN_DEPRECATED_OBJC_IMPLEMENTATIONS = YES;
				CLANG_WARN_DIRECT_OBJC_ISA_USAGE = YES_ERROR;
				CLANG_WARN_DOCUMENTATION_COMMENTS = YES;
				CLANG_WARN_EMPTY_BODY = YES;
				CLANG_WARN_ENUM_CONVERSION = YES;
				CLANG_WARN_INFINITE_RECURSION = YES;
				CLANG_WARN_INT_CONVERSION = YES;
				CLANG_WARN_NON_LITERAL_NULL_CONVERSION = YES;
				CLANG_WARN_OBJC_IMPLICIT_RETAIN_SELF = YES;
				CLANG_WARN_OBJC_LITERAL_CONVERSION = YES;
				CLANG_WARN_OBJC_ROOT_CLASS = YES_ERROR;
				CLANG_WARN_RANGE_LOOP_ANALYSIS = YES;
				CLANG_WARN_STRICT_PROTOTYPES = YES;
				CLANG_WARN_SUSPICIOUS_MOVE = YES;
				CLANG_WARN_UNGUARDED_AVAILABILITY = YES_AGGRESSIVE;
				CLANG_WARN_UNREACHABLE_CODE = YES;
				CLANG_WARN__DUPLICATE_METHOD_MATCH = YES;
				COPY_PHASE_STRIP = NO;
				DEBUG_INFORMATION_FORMAT = "dwarf-with-dsym";
				ENABLE_NS_ASSERTIONS = NO;
				ENABLE_STRICT_OBJC_MSGSEND = YES;
				GCC_C_LANGUAGE_STANDARD = gnu11;
				GCC_NO_COMMON_BLOCKS = YES;
				GCC_WARN_64_TO_32_BIT_CONVERSION = YES;
				GCC_WARN_ABOUT_RETURN_TYPE = YES_ERROR;
				GCC_WARN_UNDECLARED_SELECTOR = YES;
				GCC_WARN_UNINITIALIZED_AUTOS = YES_AGGRESSIVE;
				GCC_WARN_UNUSED_FUNCTION = YES;
				GCC_WARN_UNUSED_VARIABLE = YES;
				IPHONEOS_DEPLOYMENT_TARGET = 13.6;
				MTL_ENABLE_DEBUG_INFO = NO;
				MTL_FAST_MATH = YES;
				SDKROOT = iphoneos;
				SWIFT_COMPILATION_MODE = wholemodule;
				SWIFT_OPTIMIZATION_LEVEL = "-O";
				VALIDATE_PRODUCT = YES;
			};
			name = Release;
		};
		C8FCB5E724CE08950096DD80 /* Debug */ = {
			isa = XCBuildConfiguration;
			buildSettings = {
				ASSETCATALOG_COMPILER_APPICON_NAME = AppIcon;
				CODE_SIGN_STYLE = Automatic;
				INFOPLIST_FILE = myWeather/Info.plist;
				LD_RUNPATH_SEARCH_PATHS = (
					"$(inherited)",
					"@executable_path/Frameworks",
				);
				PRODUCT_BUNDLE_IDENTIFIER = com.jmt.myWeather;
				PRODUCT_NAME = "$(TARGET_NAME)";
				SWIFT_VERSION = 5.0;
				TARGETED_DEVICE_FAMILY = "1,2";
			};
			name = Debug;
		};
		C8FCB5E824CE08950096DD80 /* Release */ = {
			isa = XCBuildConfiguration;
			buildSettings = {
				ASSETCATALOG_COMPILER_APPICON_NAME = AppIcon;
				CODE_SIGN_STYLE = Automatic;
				INFOPLIST_FILE = myWeather/Info.plist;
				LD_RUNPATH_SEARCH_PATHS = (
					"$(inherited)",
					"@executable_path/Frameworks",
				);
				PRODUCT_BUNDLE_IDENTIFIER = com.jmt.myWeather;
				PRODUCT_NAME = "$(TARGET_NAME)";
				SWIFT_VERSION = 5.0;
				TARGETED_DEVICE_FAMILY = "1,2";
			};
			name = Release;
		};
/* End XCBuildConfiguration section */

/* Begin XCConfigurationList section */
		C8FCB5CD24CE08940096DD80 /* Build configuration list for PBXProject "myWeather" */ = {
			isa = XCConfigurationList;
			buildConfigurations = (
				C8FCB5E424CE08950096DD80 /* Debug */,
				C8FCB5E524CE08950096DD80 /* Release */,
			);
			defaultConfigurationIsVisible = 0;
			defaultConfigurationName = Release;
		};
		C8FCB5E624CE08950096DD80 /* Build configuration list for PBXNativeTarget "myWeather" */ = {
			isa = XCConfigurationList;
			buildConfigurations = (
				C8FCB5E724CE08950096DD80 /* Debug */,
				C8FCB5E824CE08950096DD80 /* Release */,
			);
			defaultConfigurationIsVisible = 0;
			defaultConfigurationName = Release;
		};
/* End XCConfigurationList section */
	};
	rootObject = C8FCB5CA24CE08940096DD80 /* Project object */;
}
